
Microsoft Visual Studio Solution File, Format Version 12.00
# Visual Studio Version 17
VisualStudioVersion = 17.0.31903.59
MinimumVisualStudioVersion = 10.0.40219.1
Project("{2150E333-8FDC-42A3-9474-1A3956D46DE8}") = "src", "src", "{3B329D16-4A6E-4510-A6D5-49F8943EBF70}"
EndProject
Project("{FAE04EC0-301F-11D3-BF4B-00C04F79EFBC}") = "ClaudeBatchServer.Api", "src\ClaudeBatchServer.Api\ClaudeBatchServer.Api.csproj", "{A57FCDE0-4885-4748-91F6-78437694129E}"
EndProject
Project("{FAE04EC0-301F-11D3-BF4B-00C04F79EFBC}") = "ClaudeBatchServer.Core", "src\ClaudeBatchServer.Core\ClaudeBatchServer.Core.csproj", "{91BBE757-FE93-488A-8A68-7A7F79CB298B}"
EndProject
Project("{2150E333-8FDC-42A3-9474-1A3956D46DE8}") = "tests", "tests", "{6704398E-4B8D-41E6-9C8D-9759C12A4A91}"
EndProject
Project("{FAE04EC0-301F-11D3-BF4B-00C04F79EFBC}") = "ClaudeBatchServer.Tests", "tests\ClaudeBatchServer.Tests\ClaudeBatchServer.Tests.csproj", "{7E4077E3-8C3A-493F-A74D-105CCB40D311}"
EndProject
Project("{FAE04EC0-301F-11D3-BF4B-00C04F79EFBC}") = "ClaudeBatchServer.IntegrationTests", "tests\ClaudeBatchServer.IntegrationTests\ClaudeBatchServer.IntegrationTests.csproj", "{1D4ADEA2-5E78-4517-B5FA-0C274B6464C4}"
EndProject
Project("{FAE04EC0-301F-11D3-BF4B-00C04F79EFBC}") = "ClaudeServerCLI", "src\ClaudeServerCLI\ClaudeServerCLI.csproj", "{2E8A3F5B-6D7C-4E9A-8F1B-3C4D5E6F7A8B}"
EndProject
Project("{FAE04EC0-301F-11D3-BF4B-00C04F79EFBC}") = "ClaudeServerCLI.UnitTests", "tests\ClaudeServerCLI.UnitTests\ClaudeServerCLI.UnitTests.csproj", "{3F9B4G6C-7E8D-5F0A-9G2C-4D5E6F7A8B9C}"
EndProject
Project("{FAE04EC0-301F-11D3-BF4B-00C04F79EFBC}") = "ClaudeServerCLI.IntegrationTests", "tests\ClaudeServerCLI.IntegrationTests\ClaudeServerCLI.IntegrationTests.csproj", "{4G0C5H7D-8F9E-6G1B-0H3D-5E6F7A8B9C0D}"
EndProject
Project("{FAE04EC0-301F-11D3-BF4B-00C04F79EFBC}") = "ClaudeBatchServer.UnitTests", "tests\ClaudeBatchServer.UnitTests\ClaudeBatchServer.UnitTests.csproj", "{5H1D6I8E-9G0F-7H2C-1I4E-6F7A8B9C0D1E}"
EndProject
Global
	GlobalSection(SolutionConfigurationPlatforms) = preSolution
		Debug|Any CPU = Debug|Any CPU
		Release|Any CPU = Release|Any CPU
	EndGlobalSection
	GlobalSection(SolutionProperties) = preSolution
		HideSolutionNode = FALSE
	EndGlobalSection
	GlobalSection(ProjectConfigurationPlatforms) = postSolution
		{A57FCDE0-4885-4748-91F6-78437694129E}.Debug|Any CPU.ActiveCfg = Debug|Any CPU
		{A57FCDE0-4885-4748-91F6-78437694129E}.Debug|Any CPU.Build.0 = Debug|Any CPU
		{A57FCDE0-4885-4748-91F6-78437694129E}.Release|Any CPU.ActiveCfg = Release|Any CPU
		{A57FCDE0-4885-4748-91F6-78437694129E}.Release|Any CPU.Build.0 = Release|Any CPU
		{91BBE757-FE93-488A-8A68-7A7F79CB298B}.Debug|Any CPU.ActiveCfg = Debug|Any CPU
		{91BBE757-FE93-488A-8A68-7A7F79CB298B}.Debug|Any CPU.Build.0 = Debug|Any CPU
		{91BBE757-FE93-488A-8A68-7A7F79CB298B}.Release|Any CPU.ActiveCfg = Release|Any CPU
		{91BBE757-FE93-488A-8A68-7A7F79CB298B}.Release|Any CPU.Build.0 = Release|Any CPU
		{7E4077E3-8C3A-493F-A74D-105CCB40D311}.Debug|Any CPU.ActiveCfg = Debug|Any CPU
		{7E4077E3-8C3A-493F-A74D-105CCB40D311}.Debug|Any CPU.Build.0 = Debug|Any CPU
		{7E4077E3-8C3A-493F-A74D-105CCB40D311}.Release|Any CPU.ActiveCfg = Release|Any CPU
		{7E4077E3-8C3A-493F-A74D-105CCB40D311}.Release|Any CPU.Build.0 = Release|Any CPU
		{1D4ADEA2-5E78-4517-B5FA-0C274B6464C4}.Debug|Any CPU.ActiveCfg = Debug|Any CPU
		{1D4ADEA2-5E78-4517-B5FA-0C274B6464C4}.Debug|Any CPU.Build.0 = Debug|Any CPU
		{1D4ADEA2-5E78-4517-B5FA-0C274B6464C4}.Release|Any CPU.ActiveCfg = Release|Any CPU
		{1D4ADEA2-5E78-4517-B5FA-0C274B6464C4}.Release|Any CPU.Build.0 = Release|Any CPU
		{2E8A3F5B-6D7C-4E9A-8F1B-3C4D5E6F7A8B}.Debug|Any CPU.ActiveCfg = Debug|Any CPU
		{2E8A3F5B-6D7C-4E9A-8F1B-3C4D5E6F7A8B}.Debug|Any CPU.Build.0 = Debug|Any CPU
		{2E8A3F5B-6D7C-4E9A-8F1B-3C4D5E6F7A8B}.Release|Any CPU.ActiveCfg = Release|Any CPU
		{2E8A3F5B-6D7C-4E9A-8F1B-3C4D5E6F7A8B}.Release|Any CPU.Build.0 = Release|Any CPU
		{3F9B4G6C-7E8D-5F0A-9G2C-4D5E6F7A8B9C}.Debug|Any CPU.ActiveCfg = Debug|Any CPU
		{3F9B4G6C-7E8D-5F0A-9G2C-4D5E6F7A8B9C}.Debug|Any CPU.Build.0 = Debug|Any CPU
		{3F9B4G6C-7E8D-5F0A-9G2C-4D5E6F7A8B9C}.Release|Any CPU.ActiveCfg = Release|Any CPU
		{3F9B4G6C-7E8D-5F0A-9G2C-4D5E6F7A8B9C}.Release|Any CPU.Build.0 = Release|Any CPU
		{4G0C5H7D-8F9E-6G1B-0H3D-5E6F7A8B9C0D}.Debug|Any CPU.ActiveCfg = Debug|Any CPU
		{4G0C5H7D-8F9E-6G1B-0H3D-5E6F7A8B9C0D}.Debug|Any CPU.Build.0 = Debug|Any CPU
		{4G0C5H7D-8F9E-6G1B-0H3D-5E6F7A8B9C0D}.Release|Any CPU.ActiveCfg = Release|Any CPU
		{4G0C5H7D-8F9E-6G1B-0H3D-5E6F7A8B9C0D}.Release|Any CPU.Build.0 = Release|Any CPU
		{5H1D6I8E-9G0F-7H2C-1I4E-6F7A8B9C0D1E}.Debug|Any CPU.ActiveCfg = Debug|Any CPU
		{5H1D6I8E-9G0F-7H2C-1I4E-6F7A8B9C0D1E}.Debug|Any CPU.Build.0 = Debug|Any CPU
		{5H1D6I8E-9G0F-7H2C-1I4E-6F7A8B9C0D1E}.Release|Any CPU.ActiveCfg = Release|Any CPU
		{5H1D6I8E-9G0F-7H2C-1I4E-6F7A8B9C0D1E}.Release|Any CPU.Build.0 = Release|Any CPU
	EndGlobalSection
	GlobalSection(NestedProjects) = preSolution
		{A57FCDE0-4885-4748-91F6-78437694129E} = {3B329D16-4A6E-4510-A6D5-49F8943EBF70}
		{91BBE757-FE93-488A-8A68-7A7F79CB298B} = {3B329D16-4A6E-4510-A6D5-49F8943EBF70}
		{2E8A3F5B-6D7C-4E9A-8F1B-3C4D5E6F7A8B} = {3B329D16-4A6E-4510-A6D5-49F8943EBF70}
		{7E4077E3-8C3A-493F-A74D-105CCB40D311} = {6704398E-4B8D-41E6-9C8D-9759C12A4A91}
		{1D4ADEA2-5E78-4517-B5FA-0C274B6464C4} = {6704398E-4B8D-41E6-9C8D-9759C12A4A91}
		{3F9B4G6C-7E8D-5F0A-9G2C-4D5E6F7A8B9C} = {6704398E-4B8D-41E6-9C8D-9759C12A4A91}
		{4G0C5H7D-8F9E-6G1B-0H3D-5E6F7A8B9C0D} = {6704398E-4B8D-41E6-9C8D-9759C12A4A91}
		{5H1D6I8E-9G0F-7H2C-1I4E-6F7A8B9C0D1E} = {6704398E-4B8D-41E6-9C8D-9759C12A4A91}
	EndGlobalSection
EndGlobal
